// !$*UTF8*$!
{
	archiveVersion = 1;
	classes = {
	};
	objectVersion = 46;
	objects = {

/* Begin PBXBuildFile section */
		54590A4E16ADC8A100D84852 /* UIKit.framework in Frameworks */ = {isa = PBXBuildFile; fileRef = 54590A4D16ADC8A100D84852 /* UIKit.framework */; };
		54590A5016ADC8A100D84852 /* Foundation.framework in Frameworks */ = {isa = PBXBuildFile; fileRef = 54590A4F16ADC8A100D84852 /* Foundation.framework */; };
		54590A5216ADC8A100D84852 /* CoreGraphics.framework in Frameworks */ = {isa = PBXBuildFile; fileRef = 54590A5116ADC8A100D84852 /* CoreGraphics.framework */; };
		54590A5816ADC8A100D84852 /* InfoPlist.strings in Resources */ = {isa = PBXBuildFile; fileRef = 54590A5616ADC8A100D84852 /* InfoPlist.strings */; };
		54590A5A16ADC8A100D84852 /* main.m in Sources */ = {isa = PBXBuildFile; fileRef = 54590A5916ADC8A100D84852 /* main.m */; };
		54590A5E16ADC8A100D84852 /* mng_mcoolAppDelegate.m in Sources */ = {isa = PBXBuildFile; fileRef = 54590A5D16ADC8A100D84852 /* mng_mcoolAppDelegate.m */; };
		54590A6016ADC8A100D84852 /* Default.png in Resources */ = {isa = PBXBuildFile; fileRef = 54590A5F16ADC8A100D84852 /* Default.png */; };
		54590A6216ADC8A100D84852 /* Default@2x.png in Resources */ = {isa = PBXBuildFile; fileRef = 54590A6116ADC8A100D84852 /* Default@2x.png */; };
		54590A6416ADC8A100D84852 /* Default-568h@2x.png in Resources */ = {isa = PBXBuildFile; fileRef = 54590A6316ADC8A100D84852 /* Default-568h@2x.png */; };
		54590A6716ADC8A100D84852 /* MainStoryboard.storyboard in Resources */ = {isa = PBXBuildFile; fileRef = 54590A6516ADC8A100D84852 /* MainStoryboard.storyboard */; };
		54590A6A16ADC8A100D84852 /* mng_mcoolViewController.m in Sources */ = {isa = PBXBuildFile; fileRef = 54590A6916ADC8A100D84852 /* mng_mcoolViewController.m */; };
		54590A7416AF3F0A00D84852 /* Security.framework in Frameworks */ = {isa = PBXBuildFile; fileRef = 54590A7316AF3F0A00D84852 /* Security.framework */; };
		54590A7C16AF444100D84852 /* iAd.framework in Frameworks */ = {isa = PBXBuildFile; fileRef = 54590A7B16AF444100D84852 /* iAd.framework */; };
		54590A7E16AF44C200D84852 /* StoreKit.framework in Frameworks */ = {isa = PBXBuildFile; fileRef = 54590A7D16AF44C200D84852 /* StoreKit.framework */; };
		54F50B9B16B01C350034787F /* Reachability.m in Sources */ = {isa = PBXBuildFile; fileRef = 54F50B9A16B01C350034787F /* Reachability.m */; settings = {COMPILER_FLAGS = "-fno-objc-arc"; }; };
		54F50B9D16B01C610034787F /* SystemConfiguration.framework in Frameworks */ = {isa = PBXBuildFile; fileRef = 54F50B9C16B01C610034787F /* SystemConfiguration.framework */; };
		54F50BA316B02A0C0034787F /* RageIAPHelper.m in Sources */ = {isa = PBXBuildFile; fileRef = 54F50BA216B02A0C0034787F /* RageIAPHelper.m */; };
		54F50BAD16B090B50034787F /* Cool_57x57.png in Resources */ = {isa = PBXBuildFile; fileRef = 54F50BAC16B090B50034787F /* Cool_57x57.png */; };
		54F50BAF16B090BB0034787F /* Cool_114x114.png in Resources */ = {isa = PBXBuildFile; fileRef = 54F50BAE16B090BB0034787F /* Cool_114x114.png */; };
		54F50BB116B091520034787F /* Default.png in Resources */ = {isa = PBXBuildFile; fileRef = 54F50BB016B091520034787F /* Default.png */; };
		54F50BB316B0915C0034787F /* Default-568h@2x.png in Resources */ = {isa = PBXBuildFile; fileRef = 54F50BB216B0915C0034787F /* Default-568h@2x.png */; };
		54F50BB616B091740034787F /* Cool_57x57.png in Resources */ = {isa = PBXBuildFile; fileRef = 54F50BB416B091740034787F /* Cool_57x57.png */; };
		54F50BB716B091740034787F /* Cool_114x114.png in Resources */ = {isa = PBXBuildFile; fileRef = 54F50BB516B091740034787F /* Cool_114x114.png */; };
		C0DD158D16AF739A0024E7F8 /* IAPHelper.m in Sources */ = {isa = PBXBuildFile; fileRef = C0DD158916AF739A0024E7F8 /* IAPHelper.m */; };
/* End PBXBuildFile section */

/* Begin PBXFileReference section */
		54590A4916ADC8A100D84852 /* MCool.app */ = {isa = PBXFileReference; explicitFileType = wrapper.application; includeInIndex = 0; path = MCool.app; sourceTree = BUILT_PRODUCTS_DIR; };
		54590A4D16ADC8A100D84852 /* UIKit.framework */ = {isa = PBXFileReference; lastKnownFileType = wrapper.framework; name = UIKit.framework; path = System/Library/Frameworks/UIKit.framework; sourceTree = SDKROOT; };
		54590A4F16ADC8A100D84852 /* Foundation.framework */ = {isa = PBXFileReference; lastKnownFileType = wrapper.framework; name = Foundation.framework; path = System/Library/Frameworks/Foundation.framework; sourceTree = SDKROOT; };
		54590A5116ADC8A100D84852 /* CoreGraphics.framework */ = {isa = PBXFileReference; lastKnownFileType = wrapper.framework; name = CoreGraphics.framework; path = System/Library/Frameworks/CoreGraphics.framework; sourceTree = SDKROOT; };
		54590A5516ADC8A100D84852 /* MCool-Info.plist */ = {isa = PBXFileReference; lastKnownFileType = text.plist.xml; path = "MCool-Info.plist"; sourceTree = "<group>"; };
		54590A5716ADC8A100D84852 /* en */ = {isa = PBXFileReference; lastKnownFileType = text.plist.strings; name = en; path = en.lproj/InfoPlist.strings; sourceTree = "<group>"; };
		54590A5916ADC8A100D84852 /* main.m */ = {isa = PBXFileReference; lastKnownFileType = sourcecode.c.objc; path = main.m; sourceTree = "<group>"; };
		54590A5B16ADC8A100D84852 /* MCool-Prefix.pch */ = {isa = PBXFileReference; lastKnownFileType = sourcecode.c.h; path = "MCool-Prefix.pch"; sourceTree = "<group>"; };
		54590A5C16ADC8A100D84852 /* mng_mcoolAppDelegate.h */ = {isa = PBXFileReference; lastKnownFileType = sourcecode.c.h; path = mng_mcoolAppDelegate.h; sourceTree = "<group>"; };
		54590A5D16ADC8A100D84852 /* mng_mcoolAppDelegate.m */ = {isa = PBXFileReference; lastKnownFileType = sourcecode.c.objc; path = mng_mcoolAppDelegate.m; sourceTree = "<group>"; };
		54590A5F16ADC8A100D84852 /* Default.png */ = {isa = PBXFileReference; lastKnownFileType = image.png; path = Default.png; sourceTree = "<group>"; };
		54590A6116ADC8A100D84852 /* Default@2x.png */ = {isa = PBXFileReference; lastKnownFileType = image.png; path = "Default@2x.png"; sourceTree = "<group>"; };
		54590A6316ADC8A100D84852 /* Default-568h@2x.png */ = {isa = PBXFileReference; lastKnownFileType = image.png; path = "Default-568h@2x.png"; sourceTree = "<group>"; };
		54590A6616ADC8A100D84852 /* en */ = {isa = PBXFileReference; lastKnownFileType = file.storyboard; name = en; path = en.lproj/MainStoryboard.storyboard; sourceTree = "<group>"; };
		54590A6816ADC8A100D84852 /* mng_mcoolViewController.h */ = {isa = PBXFileReference; lastKnownFileType = sourcecode.c.h; path = mng_mcoolViewController.h; sourceTree = "<group>"; };
		54590A6916ADC8A100D84852 /* mng_mcoolViewController.m */ = {isa = PBXFileReference; lastKnownFileType = sourcecode.c.objc; path = mng_mcoolViewController.m; sourceTree = "<group>"; };
		54590A7316AF3F0A00D84852 /* Security.framework */ = {isa = PBXFileReference; lastKnownFileType = wrapper.framework; name = Security.framework; path = System/Library/Frameworks/Security.framework; sourceTree = SDKROOT; };
		54590A7B16AF444100D84852 /* iAd.framework */ = {isa = PBXFileReference; lastKnownFileType = wrapper.framework; name = iAd.framework; path = System/Library/Frameworks/iAd.framework; sourceTree = SDKROOT; };
		54590A7D16AF44C200D84852 /* StoreKit.framework */ = {isa = PBXFileReference; lastKnownFileType = wrapper.framework; name = StoreKit.framework; path = System/Library/Frameworks/StoreKit.framework; sourceTree = SDKROOT; };
		54F50B9916B01C350034787F /* Reachability.h */ = {isa = PBXFileReference; fileEncoding = 4; lastKnownFileType = sourcecode.c.h; path = Reachability.h; sourceTree = "<group>"; };
		54F50B9A16B01C350034787F /* Reachability.m */ = {isa = PBXFileReference; fileEncoding = 4; lastKnownFileType = sourcecode.c.objc; path = Reachability.m; sourceTree = "<group>"; };
		54F50B9C16B01C610034787F /* SystemConfiguration.framework */ = {isa = PBXFileReference; lastKnownFileType = wrapper.framework; name = SystemConfiguration.framework; path = System/Library/Frameworks/SystemConfiguration.framework; sourceTree = SDKROOT; };
		54F50BA116B02A0C0034787F /* RageIAPHelper.h */ = {isa = PBXFileReference; fileEncoding = 4; lastKnownFileType = sourcecode.c.h; path = RageIAPHelper.h; sourceTree = "<group>"; };
		54F50BA216B02A0C0034787F /* RageIAPHelper.m */ = {isa = PBXFileReference; fileEncoding = 4; lastKnownFileType = sourcecode.c.objc; path = RageIAPHelper.m; sourceTree = "<group>"; };
		54F50BAC16B090B50034787F /* Cool_57x57.png */ = {isa = PBXFileReference; lastKnownFileType = image.png; path = Cool_57x57.png; sourceTree = "<group>"; };
		54F50BAE16B090BB0034787F /* Cool_114x114.png */ = {isa = PBXFileReference; lastKnownFileType = image.png; path = Cool_114x114.png; sourceTree = "<group>"; };
		54F50BB016B091520034787F /* Default.png */ = {isa = PBXFileReference; lastKnownFileType = image.png; path = Default.png; sourceTree = "<group>"; };
		54F50BB216B0915C0034787F /* Default-568h@2x.png */ = {isa = PBXFileReference; lastKnownFileType = image.png; path = "Default-568h@2x.png"; sourceTree = "<group>"; };
		54F50BB416B091740034787F /* Cool_57x57.png */ = {isa = PBXFileReference; lastKnownFileType = image.png; path = Cool_57x57.png; sourceTree = "<group>"; };
		54F50BB516B091740034787F /* Cool_114x114.png */ = {isa = PBXFileReference; lastKnownFileType = image.png; path = Cool_114x114.png; sourceTree = "<group>"; };
		C0DD158916AF739A0024E7F8 /* IAPHelper.m */ = {isa = PBXFileReference; fileEncoding = 4; lastKnownFileType = sourcecode.c.objc; name = IAPHelper.m; path = ../IAPHelper.m; sourceTree = "<group>"; };
		C0DD158A16AF739A0024E7F8 /* IAPHelper.h */ = {isa = PBXFileReference; fileEncoding = 4; lastKnownFileType = sourcecode.c.h; name = IAPHelper.h; path = ../IAPHelper.h; sourceTree = "<group>"; };
/* End PBXFileReference section */

/* Begin PBXFrameworksBuildPhase section */
		54590A4616ADC8A100D84852 /* Frameworks */ = {
			isa = PBXFrameworksBuildPhase;
			buildActionMask = 2147483647;
			files = (
				54F50B9D16B01C610034787F /* SystemConfiguration.framework in Frameworks */,
				54590A7E16AF44C200D84852 /* StoreKit.framework in Frameworks */,
				54590A7C16AF444100D84852 /* iAd.framework in Frameworks */,
				54590A7416AF3F0A00D84852 /* Security.framework in Frameworks */,
				54590A4E16ADC8A100D84852 /* UIKit.framework in Frameworks */,
				54590A5016ADC8A100D84852 /* Foundation.framework in Frameworks */,
				54590A5216ADC8A100D84852 /* CoreGraphics.framework in Frameworks */,
			);
			runOnlyForDeploymentPostprocessing = 0;
		};
/* End PBXFrameworksBuildPhase section */

/* Begin PBXGroup section */
		54590A3E16ADC8A100D84852 = {
			isa = PBXGroup;
			children = (
				54F50BB216B0915C0034787F /* Default-568h@2x.png */,
				54F50BB016B091520034787F /* Default.png */,
				54F50BAE16B090BB0034787F /* Cool_114x114.png */,
				54F50BAC16B090B50034787F /* Cool_57x57.png */,
				54F50B9C16B01C610034787F /* SystemConfiguration.framework */,
				54590A7D16AF44C200D84852 /* StoreKit.framework */,
				54590A7B16AF444100D84852 /* iAd.framework */,
				54590A7316AF3F0A00D84852 /* Security.framework */,
				54590A5316ADC8A100D84852 /* MCool */,
				54590A4C16ADC8A100D84852 /* Frameworks */,
				54590A4A16ADC8A100D84852 /* Products */,
			);
			sourceTree = "<group>";
		};
		54590A4A16ADC8A100D84852 /* Products */ = {
			isa = PBXGroup;
			children = (
				54590A4916ADC8A100D84852 /* MCool.app */,
			);
			name = Products;
			sourceTree = "<group>";
		};
		54590A4C16ADC8A100D84852 /* Frameworks */ = {
			isa = PBXGroup;
			children = (
				54590A4D16ADC8A100D84852 /* UIKit.framework */,
				54590A4F16ADC8A100D84852 /* Foundation.framework */,
				54590A5116ADC8A100D84852 /* CoreGraphics.framework */,
			);
			name = Frameworks;
			sourceTree = "<group>";
		};
		54590A5316ADC8A100D84852 /* MCool */ = {
			isa = PBXGroup;
			children = (
				54F50B9816B01C350034787F /* Extra */,
				54590A5C16ADC8A100D84852 /* mng_mcoolAppDelegate.h */,
				54590A5D16ADC8A100D84852 /* mng_mcoolAppDelegate.m */,
				54590A6516ADC8A100D84852 /* MainStoryboard.storyboard */,
				54590A6816ADC8A100D84852 /* mng_mcoolViewController.h */,
				54590A6916ADC8A100D84852 /* mng_mcoolViewController.m */,
				54590A5416ADC8A100D84852 /* Supporting Files */,
			);
			path = MCool;
			sourceTree = "<group>";
		};
		54590A5416ADC8A100D84852 /* Supporting Files */ = {
			isa = PBXGroup;
			children = (
				54F50BB416B091740034787F /* Cool_57x57.png */,
				54F50BB516B091740034787F /* Cool_114x114.png */,
				54590A5516ADC8A100D84852 /* MCool-Info.plist */,
				54590A5616ADC8A100D84852 /* InfoPlist.strings */,
				54590A5916ADC8A100D84852 /* main.m */,
				54590A5B16ADC8A100D84852 /* MCool-Prefix.pch */,
				54590A5F16ADC8A100D84852 /* Default.png */,
				54590A6116ADC8A100D84852 /* Default@2x.png */,
				54590A6316ADC8A100D84852 /* Default-568h@2x.png */,
			);
			name = "Supporting Files";
			sourceTree = "<group>";
		};
		54F50B9816B01C350034787F /* Extra */ = {
			isa = PBXGroup;
			children = (
				C0DD158A16AF739A0024E7F8 /* IAPHelper.h */,
				C0DD158916AF739A0024E7F8 /* IAPHelper.m */,
				54F50B9916B01C350034787F /* Reachability.h */,
				54F50B9A16B01C350034787F /* Reachability.m */,
				54F50BA116B02A0C0034787F /* RageIAPHelper.h */,
				54F50BA216B02A0C0034787F /* RageIAPHelper.m */,
			);
			path = Extra;
			sourceTree = "<group>";
		};
/* End PBXGroup section */

/* Begin PBXNativeTarget section */
		54590A4816ADC8A100D84852 /* MCool */ = {
			isa = PBXNativeTarget;
			buildConfigurationList = 54590A6D16ADC8A100D84852 /* Build configuration list for PBXNativeTarget "MCool" */;
			buildPhases = (
				54590A4516ADC8A100D84852 /* Sources */,
				54590A4616ADC8A100D84852 /* Frameworks */,
				54590A4716ADC8A100D84852 /* Resources */,
			);
			buildRules = (
			);
			dependencies = (
			);
			name = MCool;
			productName = MCool;
			productReference = 54590A4916ADC8A100D84852 /* MCool.app */;
			productType = "com.apple.product-type.application";
		};
/* End PBXNativeTarget section */

/* Begin PBXProject section */
		54590A4016ADC8A100D84852 /* Project object */ = {
			isa = PBXProject;
			attributes = {
				CLASSPREFIX = mng.mcool;
				LastUpgradeCheck = 0450;
				ORGANIZATIONNAME = mng;
			};
			buildConfigurationList = 54590A4316ADC8A100D84852 /* Build configuration list for PBXProject "MCool" */;
			compatibilityVersion = "Xcode 3.2";
			developmentRegion = English;
			hasScannedForEncodings = 0;
			knownRegions = (
				en,
			);
			mainGroup = 54590A3E16ADC8A100D84852;
			productRefGroup = 54590A4A16ADC8A100D84852 /* Products */;
			projectDirPath = "";
			projectRoot = "";
			targets = (
				54590A4816ADC8A100D84852 /* MCool */,
			);
		};
/* End PBXProject section */

/* Begin PBXResourcesBuildPhase section */
		54590A4716ADC8A100D84852 /* Resources */ = {
			isa = PBXResourcesBuildPhase;
			buildActionMask = 2147483647;
			files = (
				54590A5816ADC8A100D84852 /* InfoPlist.strings in Resources */,
				54590A6016ADC8A100D84852 /* Default.png in Resources */,
				54590A6216ADC8A100D84852 /* Default@2x.png in Resources */,
				54590A6416ADC8A100D84852 /* Default-568h@2x.png in Resources */,
				54590A6716ADC8A100D84852 /* MainStoryboard.storyboard in Resources */,
				54F50BAD16B090B50034787F /* Cool_57x57.png in Resources */,
				54F50BAF16B090BB0034787F /* Cool_114x114.png in Resources */,
				54F50BB116B091520034787F /* Default.png in Resources */,
				54F50BB316B0915C0034787F /* Default-568h@2x.png in Resources */,
				54F50BB616B091740034787F /* Cool_57x57.png in Resources */,
				54F50BB716B091740034787F /* Cool_114x114.png in Resources */,
			);
			runOnlyForDeploymentPostprocessing = 0;
		};
/* End PBXResourcesBuildPhase section */

/* Begin PBXSourcesBuildPhase section */
		54590A4516ADC8A100D84852 /* Sources */ = {
			isa = PBXSourcesBuildPhase;
			buildActionMask = 2147483647;
			files = (
				54590A5A16ADC8A100D84852 /* main.m in Sources */,
				54590A5E16ADC8A100D84852 /* mng_mcoolAppDelegate.m in Sources */,
				54590A6A16ADC8A100D84852 /* mng_mcoolViewController.m in Sources */,
				C0DD158D16AF739A0024E7F8 /* IAPHelper.m in Sources */,
				54F50B9B16B01C350034787F /* Reachability.m in Sources */,
				54F50BA316B02A0C0034787F /* RageIAPHelper.m in Sources */,
			);
			runOnlyForDeploymentPostprocessing = 0;
		};
/* End PBXSourcesBuildPhase section */

/* Begin PBXVariantGroup section */
		54590A5616ADC8A100D84852 /* InfoPlist.strings */ = {
			isa = PBXVariantGroup;
			children = (
				54590A5716ADC8A100D84852 /* en */,
			);
			name = InfoPlist.strings;
			sourceTree = "<group>";
		};
		54590A6516ADC8A100D84852 /* MainStoryboard.storyboard */ = {
			isa = PBXVariantGroup;
			children = (
				54590A6616ADC8A100D84852 /* en */,
			);
			name = MainStoryboard.storyboard;
			sourceTree = "<group>";
		};
/* End PBXVariantGroup section */

/* Begin XCBuildConfiguration section */
		54590A6B16ADC8A100D84852 /* Debug */ = {
			isa = XCBuildConfiguration;
			buildSettings = {
				ALWAYS_SEARCH_USER_PATHS = NO;
				CLANG_CXX_LANGUAGE_STANDARD = "gnu++0x";
				CLANG_CXX_LIBRARY = "libc++";
				CLANG_ENABLE_OBJC_ARC = YES;
				CLANG_WARN_EMPTY_BODY = YES;
				CLANG_WARN__DUPLICATE_METHOD_MATCH = YES;
				"CODE_SIGN_IDENTITY[sdk=iphoneos*]" = "iPhone Developer";
				COPY_PHASE_STRIP = NO;
				GCC_C_LANGUAGE_STANDARD = gnu99;
				GCC_DYNAMIC_NO_PIC = NO;
				GCC_OPTIMIZATION_LEVEL = 0;
				GCC_PREPROCESSOR_DEFINITIONS = (
					"DEBUG=1",
					"$(inherited)",
				);
				GCC_SYMBOLS_PRIVATE_EXTERN = NO;
				GCC_WARN_ABOUT_RETURN_TYPE = YES;
				GCC_WARN_UNINITIALIZED_AUTOS = YES;
				GCC_WARN_UNUSED_VARIABLE = YES;
				IPHONEOS_DEPLOYMENT_TARGET = 6.0;
				SDKROOT = iphoneos;
			};
			name = Debug;
		};
		54590A6C16ADC8A100D84852 /* Release */ = {
			isa = XCBuildConfiguration;
			buildSettings = {
				ALWAYS_SEARCH_USER_PATHS = NO;
				CLANG_CXX_LANGUAGE_STANDARD = "gnu++0x";
				CLANG_CXX_LIBRARY = "libc++";
				CLANG_ENABLE_OBJC_ARC = YES;
				CLANG_WARN_EMPTY_BODY = YES;
				CLANG_WARN__DUPLICATE_METHOD_MATCH = YES;
				"CODE_SIGN_IDENTITY[sdk=iphoneos*]" = "iPhone Developer";
				COPY_PHASE_STRIP = YES;
				GCC_C_LANGUAGE_STANDARD = gnu99;
				GCC_WARN_ABOUT_RETURN_TYPE = YES;
				GCC_WARN_UNINITIALIZED_AUTOS = YES;
				GCC_WARN_UNUSED_VARIABLE = YES;
				IPHONEOS_DEPLOYMENT_TARGET = 6.0;
				OTHER_CFLAGS = "-DNS_BLOCK_ASSERTIONS=1";
				SDKROOT = iphoneos;
				VALIDATE_PRODUCT = YES;
			};
			name = Release;
		};
		54590A6E16ADC8A100D84852 /* Debug */ = {
			isa = XCBuildConfiguration;
			buildSettings = {
				GCC_PRECOMPILE_PREFIX_HEADER = YES;
				GCC_PREFIX_HEADER = "MCool/MCool-Prefix.pch";
				INFOPLIST_FILE = "MCool/MCool-Info.plist";
				PRODUCT_NAME = "$(TARGET_NAME)";
				WRAPPER_EXTENSION = app;
			};
			name = Debug;
		};
		54590A6F16ADC8A100D84852 /* Release */ = {
			isa = XCBuildConfiguration;
			buildSettings = {
				GCC_PRECOMPILE_PREFIX_HEADER = YES;
				GCC_PREFIX_HEADER = "MCool/MCool-Prefix.pch";
				INFOPLIST_FILE = "MCool/MCool-Info.plist";
				PRODUCT_NAME = "$(TARGET_NAME)";
				WRAPPER_EXTENSION = app;
			};
			name = Release;
		};
/* End XCBuildConfiguration section */

/* Begin XCConfigurationList section */
		54590A4316ADC8A100D84852 /* Build configuration list for PBXProject "MCool" */ = {
			isa = XCConfigurationList;
			buildConfigurations = (
				54590A6B16ADC8A100D84852 /* Debug */,
				54590A6C16ADC8A100D84852 /* Release */,
			);
			defaultConfigurationIsVisible = 0;
			defaultConfigurationName = Release;
		};
		54590A6D16ADC8A100D84852 /* Build configuration list for PBXNativeTarget "MCool" */ = {
			isa = XCConfigurationList;
			buildConfigurations = (
				54590A6E16ADC8A100D84852 /* Debug */,
				54590A6F16ADC8A100D84852 /* Release */,
			);
			defaultConfigurationIsVisible = 0;
			defaultConfigurationName = Release;
		};
/* End XCConfigurationList section */
	};
	rootObject = 54590A4016ADC8A100D84852 /* Project object */;
}
